
Microsoft Visual Studio Solution File, Format Version 12.00
# Visual Studio Version 17
VisualStudioVersion = 17.1.32328.378
MinimumVisualStudioVersion = 10.0.40219.1
Project("{9A19103F-16F7-4668-BE54-9A1E7A4F7556}") = "Inventory.API", "Inventory.API\Inventory.API.csproj", "{82FC48D6-6FAF-45C4-AEE7-353DC114E9A4}"
EndProject
Project("{9A19103F-16F7-4668-BE54-9A1E7A4F7556}") = "Inventory.Core", "Inventory.Core\Inventory.Core.csproj", "{611A9E28-28FA-4AFA-BDA1-8A45812484F0}"
EndProject
Project("{9A19103F-16F7-4668-BE54-9A1E7A4F7556}") = "Inventory.ApplicationServices.Shared", "Inventory.ApplicationServices.Shared\Inventory.ApplicationServices.Shared.csproj", "{0E51A5EF-29C9-4641-92EB-E1861F8AF802}"
EndProject
Project("{9A19103F-16F7-4668-BE54-9A1E7A4F7556}") = "Inventory.ApplicationServices", "Inventory.ApplicationServices\Inventory.ApplicationServices.csproj", "{ECD16F00-B4E1-4381-A611-CAA9FAF1258F}"
EndProject
Project("{9A19103F-16F7-4668-BE54-9A1E7A4F7556}") = "Inventory.DataAccess", "Inventory.DataAccess\Inventory.DataAccess.csproj", "{A6DD87C6-07A7-4907-8F3D-AAA5D95D32AB}"
EndProject
Project("{2150E333-8FDC-42A3-9474-1A3956D46DE8}") = "Inventory", "Inventory", "{41482738-9A3F-4002-8447-9F086AF8F23F}"
EndProject
Project("{E53339B2-1760-4266-BCC7-CA923CBCF16C}") = "docker-compose", "docker-compose.dcproj", "{B0526242-C7E5-4B8C-BE42-5193E8B75B91}"
EndProject
Project("{2150E333-8FDC-42A3-9474-1A3956D46DE8}") = "Promotion", "Promotion", "{20A181D9-22DF-4ED7-BC12-CF1B1DECEF47}"
EndProject
Project("{2150E333-8FDC-42A3-9474-1A3956D46DE8}") = "Sales", "Sales", "{F7321104-BBF1-4197-A2DE-64CF0F039E41}"
EndProject
Project("{2150E333-8FDC-42A3-9474-1A3956D46DE8}") = "Users", "Users", "{3BC17D0C-E103-4C14-9B60-3BCA4A56CBD5}"
EndProject
Project("{9A19103F-16F7-4668-BE54-9A1E7A4F7556}") = "Inventory.Test", "Inventory.Test\Inventory.Test.csproj", "{E2CF7709-AAAA-4DC0-9428-57FE6FD49C76}"
EndProject
Project("{9A19103F-16F7-4668-BE54-9A1E7A4F7556}") = "Users.Test", "Users.Test\Users.Test.csproj", "{CCD95A51-5A71-406D-AD17-1496C0064CB7}"
EndProject
Project("{9A19103F-16F7-4668-BE54-9A1E7A4F7556}") = "Users.Core", "Users.Core\Users.Core.csproj", "{7A5B5FF4-57B2-4C79-8394-9AA20B416897}"
EndProject
Project("{9A19103F-16F7-4668-BE54-9A1E7A4F7556}") = "Users.ApplicationServices", "Users.ApplicationServices\Users.ApplicationServices.csproj", "{C3EA3390-6374-4560-A8CA-63161A230E38}"
EndProject
Project("{9A19103F-16F7-4668-BE54-9A1E7A4F7556}") = "Users.ApplicationServices.Shared", "Users.ApplicationServices.Shared\Users.ApplicationServices.Shared.csproj", "{ED8D9473-3C65-40C9-B3B8-1A277787B4BA}"
EndProject
Project("{9A19103F-16F7-4668-BE54-9A1E7A4F7556}") = "Users.API", "Users.API\Users.API.csproj", "{8349A72D-8FA7-452F-A6B6-324EBBA2BDE2}"
EndProject
Project("{9A19103F-16F7-4668-BE54-9A1E7A4F7556}") = "Users.DataAccess", "Users.DataAccess\Users.DataAccess.csproj", "{7934557E-C2BF-404A-8160-1A83773450AE}"
EndProject
Project("{FAE04EC0-301F-11D3-BF4B-00C04F79EFBC}") = "Sales.ApplicationServices.Shared", "Sales.ApplicationServices.Shared\Sales.ApplicationServices.Shared.csproj", "{5CBF91B2-D61A-42AD-B984-985B4EB97D25}"
EndProject
Project("{FAE04EC0-301F-11D3-BF4B-00C04F79EFBC}") = "Sales.ApplicationServices", "Sales.ApplicationServices\Sales.ApplicationServices.csproj", "{F69ED3D6-484D-4176-AC47-67E81AEE0517}"
EndProject
Project("{FAE04EC0-301F-11D3-BF4B-00C04F79EFBC}") = "Sales.Core", "Sales.Core\Sales.Core.csproj", "{EBD5664F-66CC-45D0-AAF2-09305175EACB}"
EndProject
Project("{FAE04EC0-301F-11D3-BF4B-00C04F79EFBC}") = "Sales.Test", "Sales.Test\Sales.Test.csproj", "{6883A50F-B00C-4442-834F-40C5CDE57C17}"
EndProject
Project("{FAE04EC0-301F-11D3-BF4B-00C04F79EFBC}") = "Sales.DataAccess", "Sales.DataAccess\Sales.DataAccess.csproj", "{DBECB875-3FB4-4CFE-8B24-815D033586C5}"
EndProject
Project("{FAE04EC0-301F-11D3-BF4B-00C04F79EFBC}") = "Promotion.ApplicationServices.Shared", "Promotion.ApplicationServices.Shared\Promotion.ApplicationServices.Shared.csproj", "{ECD7B133-B69A-4AC5-9EEF-F23628ED2FC7}"
EndProject
Project("{FAE04EC0-301F-11D3-BF4B-00C04F79EFBC}") = "Promotion.ApplicationServices", "Promotion.ApplicationServices\Promotion.ApplicationServices.csproj", "{010A8DF1-16C3-4C9B-83DF-6F2D844057C8}"
EndProject
Project("{FAE04EC0-301F-11D3-BF4B-00C04F79EFBC}") = "Promotion.API", "Promotion.API\Promotion.API.csproj", "{8EB57188-8F0B-4570-87FE-A5187BFA2D85}"
EndProject
Project("{FAE04EC0-301F-11D3-BF4B-00C04F79EFBC}") = "Promotion.Test", "Promotion.Test\Promotion.Test.csproj", "{BA71C730-4500-41C9-BA87-F4405D84E041}"
EndProject
Project("{FAE04EC0-301F-11D3-BF4B-00C04F79EFBC}") = "Promotion.DataAccess", "Promotion.DataAccess\Promotion.DataAccess.csproj", "{1016D1B1-8904-41C6-8A63-028834698482}"
EndProject
Project("{FAE04EC0-301F-11D3-BF4B-00C04F79EFBC}") = "Sales.API", "Sales.API\Sales.API.csproj", "{E05EF5EF-1522-46A9-84F5-5044464F634E}"
EndProject
Project("{FAE04EC0-301F-11D3-BF4B-00C04F79EFBC}") = "Promotion.Core", "Promotion.Core\Promotion.Core.csproj", "{AEE9FE30-7107-43D5-88E2-BF8833992A30}"
EndProject
Project("{2150E333-8FDC-42A3-9474-1A3956D46DE8}") = "APIGateway", "APIGateway", "{E298A5C0-5951-48ED-BB12-FC2625E336DB}"
EndProject
Project("{FAE04EC0-301F-11D3-BF4B-00C04F79EFBC}") = "ApiGateway", "ApiGateway\ApiGateway.csproj", "{0E4A2D40-C036-4244-98A3-554D6AB42CE2}"
EndProject
Global
	GlobalSection(SolutionConfigurationPlatforms) = preSolution
		Debug|Any CPU = Debug|Any CPU
		Release|Any CPU = Release|Any CPU
	EndGlobalSection
	GlobalSection(ProjectConfigurationPlatforms) = postSolution
		{82FC48D6-6FAF-45C4-AEE7-353DC114E9A4}.Debug|Any CPU.ActiveCfg = Debug|Any CPU
		{82FC48D6-6FAF-45C4-AEE7-353DC114E9A4}.Debug|Any CPU.Build.0 = Debug|Any CPU
		{82FC48D6-6FAF-45C4-AEE7-353DC114E9A4}.Release|Any CPU.ActiveCfg = Release|Any CPU
		{82FC48D6-6FAF-45C4-AEE7-353DC114E9A4}.Release|Any CPU.Build.0 = Release|Any CPU
		{611A9E28-28FA-4AFA-BDA1-8A45812484F0}.Debug|Any CPU.ActiveCfg = Debug|Any CPU
		{611A9E28-28FA-4AFA-BDA1-8A45812484F0}.Debug|Any CPU.Build.0 = Debug|Any CPU
		{611A9E28-28FA-4AFA-BDA1-8A45812484F0}.Release|Any CPU.ActiveCfg = Release|Any CPU
		{611A9E28-28FA-4AFA-BDA1-8A45812484F0}.Release|Any CPU.Build.0 = Release|Any CPU
		{0E51A5EF-29C9-4641-92EB-E1861F8AF802}.Debug|Any CPU.ActiveCfg = Debug|Any CPU
		{0E51A5EF-29C9-4641-92EB-E1861F8AF802}.Debug|Any CPU.Build.0 = Debug|Any CPU
		{0E51A5EF-29C9-4641-92EB-E1861F8AF802}.Release|Any CPU.ActiveCfg = Release|Any CPU
		{0E51A5EF-29C9-4641-92EB-E1861F8AF802}.Release|Any CPU.Build.0 = Release|Any CPU
		{ECD16F00-B4E1-4381-A611-CAA9FAF1258F}.Debug|Any CPU.ActiveCfg = Debug|Any CPU
		{ECD16F00-B4E1-4381-A611-CAA9FAF1258F}.Debug|Any CPU.Build.0 = Debug|Any CPU
		{ECD16F00-B4E1-4381-A611-CAA9FAF1258F}.Release|Any CPU.ActiveCfg = Release|Any CPU
		{ECD16F00-B4E1-4381-A611-CAA9FAF1258F}.Release|Any CPU.Build.0 = Release|Any CPU
		{A6DD87C6-07A7-4907-8F3D-AAA5D95D32AB}.Debug|Any CPU.ActiveCfg = Debug|Any CPU
		{A6DD87C6-07A7-4907-8F3D-AAA5D95D32AB}.Debug|Any CPU.Build.0 = Debug|Any CPU
		{A6DD87C6-07A7-4907-8F3D-AAA5D95D32AB}.Release|Any CPU.ActiveCfg = Release|Any CPU
		{A6DD87C6-07A7-4907-8F3D-AAA5D95D32AB}.Release|Any CPU.Build.0 = Release|Any CPU
		{B0526242-C7E5-4B8C-BE42-5193E8B75B91}.Debug|Any CPU.ActiveCfg = Debug|Any CPU
		{B0526242-C7E5-4B8C-BE42-5193E8B75B91}.Debug|Any CPU.Build.0 = Debug|Any CPU
		{B0526242-C7E5-4B8C-BE42-5193E8B75B91}.Release|Any CPU.ActiveCfg = Release|Any CPU
		{B0526242-C7E5-4B8C-BE42-5193E8B75B91}.Release|Any CPU.Build.0 = Release|Any CPU
		{E2CF7709-AAAA-4DC0-9428-57FE6FD49C76}.Debug|Any CPU.ActiveCfg = Debug|Any CPU
		{E2CF7709-AAAA-4DC0-9428-57FE6FD49C76}.Debug|Any CPU.Build.0 = Debug|Any CPU
		{E2CF7709-AAAA-4DC0-9428-57FE6FD49C76}.Release|Any CPU.ActiveCfg = Release|Any CPU
		{E2CF7709-AAAA-4DC0-9428-57FE6FD49C76}.Release|Any CPU.Build.0 = Release|Any CPU
		{CCD95A51-5A71-406D-AD17-1496C0064CB7}.Debug|Any CPU.ActiveCfg = Debug|Any CPU
		{CCD95A51-5A71-406D-AD17-1496C0064CB7}.Debug|Any CPU.Build.0 = Debug|Any CPU
		{CCD95A51-5A71-406D-AD17-1496C0064CB7}.Release|Any CPU.ActiveCfg = Release|Any CPU
		{CCD95A51-5A71-406D-AD17-1496C0064CB7}.Release|Any CPU.Build.0 = Release|Any CPU
		{7A5B5FF4-57B2-4C79-8394-9AA20B416897}.Debug|Any CPU.ActiveCfg = Debug|Any CPU
		{7A5B5FF4-57B2-4C79-8394-9AA20B416897}.Debug|Any CPU.Build.0 = Debug|Any CPU
		{7A5B5FF4-57B2-4C79-8394-9AA20B416897}.Release|Any CPU.ActiveCfg = Release|Any CPU
		{7A5B5FF4-57B2-4C79-8394-9AA20B416897}.Release|Any CPU.Build.0 = Release|Any CPU
		{C3EA3390-6374-4560-A8CA-63161A230E38}.Debug|Any CPU.ActiveCfg = Debug|Any CPU
		{C3EA3390-6374-4560-A8CA-63161A230E38}.Debug|Any CPU.Build.0 = Debug|Any CPU
		{C3EA3390-6374-4560-A8CA-63161A230E38}.Release|Any CPU.ActiveCfg = Release|Any CPU
		{C3EA3390-6374-4560-A8CA-63161A230E38}.Release|Any CPU.Build.0 = Release|Any CPU
		{ED8D9473-3C65-40C9-B3B8-1A277787B4BA}.Debug|Any CPU.ActiveCfg = Debug|Any CPU
		{ED8D9473-3C65-40C9-B3B8-1A277787B4BA}.Debug|Any CPU.Build.0 = Debug|Any CPU
		{ED8D9473-3C65-40C9-B3B8-1A277787B4BA}.Release|Any CPU.ActiveCfg = Release|Any CPU
		{ED8D9473-3C65-40C9-B3B8-1A277787B4BA}.Release|Any CPU.Build.0 = Release|Any CPU
		{8349A72D-8FA7-452F-A6B6-324EBBA2BDE2}.Debug|Any CPU.ActiveCfg = Debug|Any CPU
		{8349A72D-8FA7-452F-A6B6-324EBBA2BDE2}.Debug|Any CPU.Build.0 = Debug|Any CPU
		{8349A72D-8FA7-452F-A6B6-324EBBA2BDE2}.Release|Any CPU.ActiveCfg = Release|Any CPU
		{8349A72D-8FA7-452F-A6B6-324EBBA2BDE2}.Release|Any CPU.Build.0 = Release|Any CPU
		{7934557E-C2BF-404A-8160-1A83773450AE}.Debug|Any CPU.ActiveCfg = Debug|Any CPU
		{7934557E-C2BF-404A-8160-1A83773450AE}.Debug|Any CPU.Build.0 = Debug|Any CPU
		{7934557E-C2BF-404A-8160-1A83773450AE}.Release|Any CPU.ActiveCfg = Release|Any CPU
		{7934557E-C2BF-404A-8160-1A83773450AE}.Release|Any CPU.Build.0 = Release|Any CPU
		{5CBF91B2-D61A-42AD-B984-985B4EB97D25}.Debug|Any CPU.ActiveCfg = Debug|Any CPU
		{5CBF91B2-D61A-42AD-B984-985B4EB97D25}.Debug|Any CPU.Build.0 = Debug|Any CPU
		{5CBF91B2-D61A-42AD-B984-985B4EB97D25}.Release|Any CPU.ActiveCfg = Release|Any CPU
		{5CBF91B2-D61A-42AD-B984-985B4EB97D25}.Release|Any CPU.Build.0 = Release|Any CPU
		{F69ED3D6-484D-4176-AC47-67E81AEE0517}.Debug|Any CPU.ActiveCfg = Debug|Any CPU
		{F69ED3D6-484D-4176-AC47-67E81AEE0517}.Debug|Any CPU.Build.0 = Debug|Any CPU
		{F69ED3D6-484D-4176-AC47-67E81AEE0517}.Release|Any CPU.ActiveCfg = Release|Any CPU
		{F69ED3D6-484D-4176-AC47-67E81AEE0517}.Release|Any CPU.Build.0 = Release|Any CPU
		{EBD5664F-66CC-45D0-AAF2-09305175EACB}.Debug|Any CPU.ActiveCfg = Debug|Any CPU
		{EBD5664F-66CC-45D0-AAF2-09305175EACB}.Debug|Any CPU.Build.0 = Debug|Any CPU
		{EBD5664F-66CC-45D0-AAF2-09305175EACB}.Release|Any CPU.ActiveCfg = Release|Any CPU
		{EBD5664F-66CC-45D0-AAF2-09305175EACB}.Release|Any CPU.Build.0 = Release|Any CPU
		{6883A50F-B00C-4442-834F-40C5CDE57C17}.Debug|Any CPU.ActiveCfg = Debug|Any CPU
		{6883A50F-B00C-4442-834F-40C5CDE57C17}.Debug|Any CPU.Build.0 = Debug|Any CPU
		{6883A50F-B00C-4442-834F-40C5CDE57C17}.Release|Any CPU.ActiveCfg = Release|Any CPU
		{6883A50F-B00C-4442-834F-40C5CDE57C17}.Release|Any CPU.Build.0 = Release|Any CPU
		{DBECB875-3FB4-4CFE-8B24-815D033586C5}.Debug|Any CPU.ActiveCfg = Debug|Any CPU
		{DBECB875-3FB4-4CFE-8B24-815D033586C5}.Debug|Any CPU.Build.0 = Debug|Any CPU
		{DBECB875-3FB4-4CFE-8B24-815D033586C5}.Release|Any CPU.ActiveCfg = Release|Any CPU
		{DBECB875-3FB4-4CFE-8B24-815D033586C5}.Release|Any CPU.Build.0 = Release|Any CPU
		{ECD7B133-B69A-4AC5-9EEF-F23628ED2FC7}.Debug|Any CPU.ActiveCfg = Debug|Any CPU
		{ECD7B133-B69A-4AC5-9EEF-F23628ED2FC7}.Debug|Any CPU.Build.0 = Debug|Any CPU
		{ECD7B133-B69A-4AC5-9EEF-F23628ED2FC7}.Release|Any CPU.ActiveCfg = Release|Any CPU
		{ECD7B133-B69A-4AC5-9EEF-F23628ED2FC7}.Release|Any CPU.Build.0 = Release|Any CPU
		{010A8DF1-16C3-4C9B-83DF-6F2D844057C8}.Debug|Any CPU.ActiveCfg = Debug|Any CPU
		{010A8DF1-16C3-4C9B-83DF-6F2D844057C8}.Debug|Any CPU.Build.0 = Debug|Any CPU
		{010A8DF1-16C3-4C9B-83DF-6F2D844057C8}.Release|Any CPU.ActiveCfg = Release|Any CPU
		{010A8DF1-16C3-4C9B-83DF-6F2D844057C8}.Release|Any CPU.Build.0 = Release|Any CPU
		{8EB57188-8F0B-4570-87FE-A5187BFA2D85}.Debug|Any CPU.ActiveCfg = Debug|Any CPU
		{8EB57188-8F0B-4570-87FE-A5187BFA2D85}.Debug|Any CPU.Build.0 = Debug|Any CPU
		{8EB57188-8F0B-4570-87FE-A5187BFA2D85}.Release|Any CPU.ActiveCfg = Release|Any CPU
		{8EB57188-8F0B-4570-87FE-A5187BFA2D85}.Release|Any CPU.Build.0 = Release|Any CPU
		{BA71C730-4500-41C9-BA87-F4405D84E041}.Debug|Any CPU.ActiveCfg = Debug|Any CPU
		{BA71C730-4500-41C9-BA87-F4405D84E041}.Debug|Any CPU.Build.0 = Debug|Any CPU
		{BA71C730-4500-41C9-BA87-F4405D84E041}.Release|Any CPU.ActiveCfg = Release|Any CPU
		{BA71C730-4500-41C9-BA87-F4405D84E041}.Release|Any CPU.Build.0 = Release|Any CPU
		{1016D1B1-8904-41C6-8A63-028834698482}.Debug|Any CPU.ActiveCfg = Debug|Any CPU
		{1016D1B1-8904-41C6-8A63-028834698482}.Debug|Any CPU.Build.0 = Debug|Any CPU
		{1016D1B1-8904-41C6-8A63-028834698482}.Release|Any CPU.ActiveCfg = Release|Any CPU
		{1016D1B1-8904-41C6-8A63-028834698482}.Release|Any CPU.Build.0 = Release|Any CPU
		{E05EF5EF-1522-46A9-84F5-5044464F634E}.Debug|Any CPU.ActiveCfg = Debug|Any CPU
		{E05EF5EF-1522-46A9-84F5-5044464F634E}.Debug|Any CPU.Build.0 = Debug|Any CPU
		{E05EF5EF-1522-46A9-84F5-5044464F634E}.Release|Any CPU.ActiveCfg = Release|Any CPU
		{E05EF5EF-1522-46A9-84F5-5044464F634E}.Release|Any CPU.Build.0 = Release|Any CPU
		{AEE9FE30-7107-43D5-88E2-BF8833992A30}.Debug|Any CPU.ActiveCfg = Debug|Any CPU
		{AEE9FE30-7107-43D5-88E2-BF8833992A30}.Debug|Any CPU.Build.0 = Debug|Any CPU
		{AEE9FE30-7107-43D5-88E2-BF8833992A30}.Release|Any CPU.ActiveCfg = Release|Any CPU
		{AEE9FE30-7107-43D5-88E2-BF8833992A30}.Release|Any CPU.Build.0 = Release|Any CPU
		{0E4A2D40-C036-4244-98A3-554D6AB42CE2}.Debug|Any CPU.ActiveCfg = Debug|Any CPU
		{0E4A2D40-C036-4244-98A3-554D6AB42CE2}.Debug|Any CPU.Build.0 = Debug|Any CPU
		{0E4A2D40-C036-4244-98A3-554D6AB42CE2}.Release|Any CPU.ActiveCfg = Release|Any CPU
		{0E4A2D40-C036-4244-98A3-554D6AB42CE2}.Release|Any CPU.Build.0 = Release|Any CPU
	EndGlobalSection
	GlobalSection(SolutionProperties) = preSolution
		HideSolutionNode = FALSE
	EndGlobalSection
	GlobalSection(NestedProjects) = preSolution
		{82FC48D6-6FAF-45C4-AEE7-353DC114E9A4} = {41482738-9A3F-4002-8447-9F086AF8F23F}
		{611A9E28-28FA-4AFA-BDA1-8A45812484F0} = {41482738-9A3F-4002-8447-9F086AF8F23F}
		{0E51A5EF-29C9-4641-92EB-E1861F8AF802} = {41482738-9A3F-4002-8447-9F086AF8F23F}
		{ECD16F00-B4E1-4381-A611-CAA9FAF1258F} = {41482738-9A3F-4002-8447-9F086AF8F23F}
		{A6DD87C6-07A7-4907-8F3D-AAA5D95D32AB} = {41482738-9A3F-4002-8447-9F086AF8F23F}
		{E2CF7709-AAAA-4DC0-9428-57FE6FD49C76} = {41482738-9A3F-4002-8447-9F086AF8F23F}
		{CCD95A51-5A71-406D-AD17-1496C0064CB7} = {3BC17D0C-E103-4C14-9B60-3BCA4A56CBD5}
		{7A5B5FF4-57B2-4C79-8394-9AA20B416897} = {3BC17D0C-E103-4C14-9B60-3BCA4A56CBD5}
		{C3EA3390-6374-4560-A8CA-63161A230E38} = {3BC17D0C-E103-4C14-9B60-3BCA4A56CBD5}
		{ED8D9473-3C65-40C9-B3B8-1A277787B4BA} = {3BC17D0C-E103-4C14-9B60-3BCA4A56CBD5}
		{8349A72D-8FA7-452F-A6B6-324EBBA2BDE2} = {3BC17D0C-E103-4C14-9B60-3BCA4A56CBD5}
		{7934557E-C2BF-404A-8160-1A83773450AE} = {3BC17D0C-E103-4C14-9B60-3BCA4A56CBD5}
		{5CBF91B2-D61A-42AD-B984-985B4EB97D25} = {F7321104-BBF1-4197-A2DE-64CF0F039E41}
		{F69ED3D6-484D-4176-AC47-67E81AEE0517} = {F7321104-BBF1-4197-A2DE-64CF0F039E41}
		{EBD5664F-66CC-45D0-AAF2-09305175EACB} = {F7321104-BBF1-4197-A2DE-64CF0F039E41}
		{6883A50F-B00C-4442-834F-40C5CDE57C17} = {F7321104-BBF1-4197-A2DE-64CF0F039E41}
		{DBECB875-3FB4-4CFE-8B24-815D033586C5} = {F7321104-BBF1-4197-A2DE-64CF0F039E41}
		{ECD7B133-B69A-4AC5-9EEF-F23628ED2FC7} = {20A181D9-22DF-4ED7-BC12-CF1B1DECEF47}
		{010A8DF1-16C3-4C9B-83DF-6F2D844057C8} = {20A181D9-22DF-4ED7-BC12-CF1B1DECEF47}
		{8EB57188-8F0B-4570-87FE-A5187BFA2D85} = {20A181D9-22DF-4ED7-BC12-CF1B1DECEF47}
		{BA71C730-4500-41C9-BA87-F4405D84E041} = {20A181D9-22DF-4ED7-BC12-CF1B1DECEF47}
		{1016D1B1-8904-41C6-8A63-028834698482} = {20A181D9-22DF-4ED7-BC12-CF1B1DECEF47}
		{E05EF5EF-1522-46A9-84F5-5044464F634E} = {F7321104-BBF1-4197-A2DE-64CF0F039E41}
		{AEE9FE30-7107-43D5-88E2-BF8833992A30} = {20A181D9-22DF-4ED7-BC12-CF1B1DECEF47}
		{0E4A2D40-C036-4244-98A3-554D6AB42CE2} = {E298A5C0-5951-48ED-BB12-FC2625E336DB}
	EndGlobalSection
	GlobalSection(ExtensibilityGlobals) = postSolution
		SolutionGuid = {BB086771-F66B-4FCC-ABBD-CE9FEA99091A}
	EndGlobalSection
EndGlobal
