
Microsoft Visual Studio Solution File, Format Version 12.00
# Visual Studio Version 17
VisualStudioVersion = 17.1.32328.378
MinimumVisualStudioVersion = 10.0.40219.1
Project("{E53339B2-1760-4266-BCC7-CA923CBCF16C}") = "docker-compose", "docker-compose.dcproj", "{B0526242-C7E5-4B8C-BE42-5193E8B75B91}"
EndProject
Project("{2150E333-8FDC-42A3-9474-1A3956D46DE8}") = "src", "src", "{B31A599E-61EE-4854-BD92-F5453D35175B}"
EndProject
Project("{2150E333-8FDC-42A3-9474-1A3956D46DE8}") = "services", "services", "{C23FCED9-88B4-419A-8474-44B1F7D38CCA}"
EndProject
Project("{2150E333-8FDC-42A3-9474-1A3956D46DE8}") = "shared", "shared", "{224D959C-222F-49BD-8593-84F643488B21}"
EndProject
Project("{2150E333-8FDC-42A3-9474-1A3956D46DE8}") = "Ordering", "Ordering", "{CBAF3FA4-6B17-4B26-AF69-7E2B910EB27D}"
EndProject
Project("{2150E333-8FDC-42A3-9474-1A3956D46DE8}") = "Gateway", "Gateway", "{6BD08478-07A5-49E6-B8F7-D75342B1D331}"
EndProject
Project("{2150E333-8FDC-42A3-9474-1A3956D46DE8}") = "Inventory", "Inventory", "{A23B8F2A-617E-47D7-93A2-797EF70D035E}"
EndProject
Project("{2150E333-8FDC-42A3-9474-1A3956D46DE8}") = "Promotion", "Promotion", "{6A3C07DA-E213-4D11-BBD6-2646E80888F8}"
EndProject
Project("{2150E333-8FDC-42A3-9474-1A3956D46DE8}") = "Users", "Users", "{FCE26A9B-D1F4-41A1-94A3-7660280459BC}"
EndProject
Project("{9A19103F-16F7-4668-BE54-9A1E7A4F7556}") = "Inventory.ApplicationServices.Shared", "src\shared\Inventory.ApplicationServices.Shared\Inventory.ApplicationServices.Shared.csproj", "{744F7B92-5041-4AC2-8C29-B50B343B8396}"
EndProject
Project("{9A19103F-16F7-4668-BE54-9A1E7A4F7556}") = "Ordering.ApplicationServices.Shared", "src\shared\Ordering.ApplicationServices.Shared\Ordering.ApplicationServices.Shared.csproj", "{8BF97198-6F2F-4C2C-B60C-75943D058251}"
EndProject
Project("{9A19103F-16F7-4668-BE54-9A1E7A4F7556}") = "Promotion.ApplicationServices.Shared", "src\shared\Promotion.ApplicationServices.Shared\Promotion.ApplicationServices.Shared.csproj", "{F7319133-2264-4CD1-8FA9-C7697FB39CCE}"
EndProject
Project("{9A19103F-16F7-4668-BE54-9A1E7A4F7556}") = "Users.ApplicationServices.Shared", "src\shared\Users.ApplicationServices.Shared\Users.ApplicationServices.Shared.csproj", "{78589891-0D5D-422F-BDC6-93C1711F03E8}"
EndProject
Project("{9A19103F-16F7-4668-BE54-9A1E7A4F7556}") = "ApiGateway", "src\Gateway\ApiGateway\ApiGateway.csproj", "{19DA6BF0-15A7-497A-A7B1-EE7A44710D89}"
EndProject
Project("{9A19103F-16F7-4668-BE54-9A1E7A4F7556}") = "Users.Test", "src\Users\Users.Test\Users.Test.csproj", "{BF45F898-7E1C-4B18-A2F3-DCEE4D5735F0}"
EndProject
Project("{9A19103F-16F7-4668-BE54-9A1E7A4F7556}") = "Users.DataAccess", "src\Users\Users.DataAccess\Users.DataAccess.csproj", "{70816F56-7527-4E3A-A90C-7DE2550D3FD7}"
EndProject
Project("{9A19103F-16F7-4668-BE54-9A1E7A4F7556}") = "Users.Core", "src\Users\Users.Core\Users.Core.csproj", "{472F074E-5AAC-402B-890A-99E57F5EE58D}"
EndProject
Project("{9A19103F-16F7-4668-BE54-9A1E7A4F7556}") = "Users.ApplicationServices", "src\Users\Users.ApplicationServices\Users.ApplicationServices.csproj", "{14CACFE8-CD8D-4D2D-8C23-5BE205BC9F34}"
EndProject
Project("{9A19103F-16F7-4668-BE54-9A1E7A4F7556}") = "Users.API", "src\Users\Users.API\Users.API.csproj", "{30877322-BE88-4965-8386-2004319EFFAD}"
EndProject
Project("{9A19103F-16F7-4668-BE54-9A1E7A4F7556}") = "Inventory.API", "src\Inventory\Inventory.API\Inventory.API.csproj", "{6429FC79-7586-467E-B76F-39E71F95CE3C}"
EndProject
Project("{9A19103F-16F7-4668-BE54-9A1E7A4F7556}") = "Inventory.ApplicationServices", "src\Inventory\Inventory.ApplicationServices\Inventory.ApplicationServices.csproj", "{F6E3C344-B0FD-4A1B-BE60-30280889B5A5}"
EndProject
Project("{9A19103F-16F7-4668-BE54-9A1E7A4F7556}") = "Inventory.Core", "src\Inventory\Inventory.Core\Inventory.Core.csproj", "{AD885A33-8F3B-42F0-B848-63BD23574D86}"
EndProject
Project("{9A19103F-16F7-4668-BE54-9A1E7A4F7556}") = "Inventory.DataAccess", "src\Inventory\Inventory.DataAccess\Inventory.DataAccess.csproj", "{FC084A75-A543-494A-8CE5-86500DAF9EA5}"
EndProject
Project("{9A19103F-16F7-4668-BE54-9A1E7A4F7556}") = "Inventory.Test", "src\Inventory\Inventory.Test\Inventory.Test.csproj", "{DEA4457E-DB3D-44A2-80F4-EC4E58B7403A}"
EndProject
Project("{9A19103F-16F7-4668-BE54-9A1E7A4F7556}") = "Ordering.API", "src\Ordering\Ordering.API\Ordering.API.csproj", "{2ADD5A2D-0A08-414F-9E2A-A5C8619236FC}"
EndProject
Project("{9A19103F-16F7-4668-BE54-9A1E7A4F7556}") = "Ordering.ApplicationServices", "src\Ordering\Ordering.ApplicationServices\Ordering.ApplicationServices.csproj", "{803BC2F6-0D45-446A-AC8A-2FE821A7412B}"
EndProject
Project("{9A19103F-16F7-4668-BE54-9A1E7A4F7556}") = "Ordering.Core", "src\Ordering\Ordering.Core\Ordering.Core.csproj", "{0D000969-534A-457A-AD0B-730BC88899F8}"
EndProject
Project("{9A19103F-16F7-4668-BE54-9A1E7A4F7556}") = "Ordering.DataAccess", "src\Ordering\Ordering.DataAccess\Ordering.DataAccess.csproj", "{EDBC8EA9-A7C7-408B-8EA0-4DF6132D317C}"
EndProject
Project("{9A19103F-16F7-4668-BE54-9A1E7A4F7556}") = "Ordering.Test", "src\Ordering\Ordering.Test\Ordering.Test.csproj", "{5C9D57F8-5980-4BEF-A88E-FF41798920BD}"
EndProject
Project("{9A19103F-16F7-4668-BE54-9A1E7A4F7556}") = "Promotion.API", "src\Promotion\Promotion.API\Promotion.API.csproj", "{CAAF353A-21C2-4FE1-984B-0FA7DDFF81C0}"
EndProject
Project("{9A19103F-16F7-4668-BE54-9A1E7A4F7556}") = "Promotion.ApplicationServices", "src\Promotion\Promotion.ApplicationServices\Promotion.ApplicationServices.csproj", "{139B9201-A840-4EDF-AF93-72580D475929}"
EndProject
Project("{9A19103F-16F7-4668-BE54-9A1E7A4F7556}") = "Promotion.Core", "src\Promotion\Promotion.Core\Promotion.Core.csproj", "{A2830ED1-5FF6-4879-97CF-DDE60663D540}"
EndProject
Project("{9A19103F-16F7-4668-BE54-9A1E7A4F7556}") = "Promotion.DataAccess", "src\Promotion\Promotion.DataAccess\Promotion.DataAccess.csproj", "{EA177CAA-167F-4422-AC7C-4B3E18DEA3C3}"
EndProject
Project("{9A19103F-16F7-4668-BE54-9A1E7A4F7556}") = "Promotion.Test", "src\Promotion\Promotion.Test\Promotion.Test.csproj", "{33C066B2-0F54-4B73-A379-48685C4B97A6}"
EndProject
Global
	GlobalSection(SolutionConfigurationPlatforms) = preSolution
		Debug|Any CPU = Debug|Any CPU
		Release|Any CPU = Release|Any CPU
	EndGlobalSection
	GlobalSection(ProjectConfigurationPlatforms) = postSolution
		{B0526242-C7E5-4B8C-BE42-5193E8B75B91}.Debug|Any CPU.ActiveCfg = Debug|Any CPU
		{B0526242-C7E5-4B8C-BE42-5193E8B75B91}.Debug|Any CPU.Build.0 = Debug|Any CPU
		{B0526242-C7E5-4B8C-BE42-5193E8B75B91}.Release|Any CPU.ActiveCfg = Release|Any CPU
		{B0526242-C7E5-4B8C-BE42-5193E8B75B91}.Release|Any CPU.Build.0 = Release|Any CPU
		{744F7B92-5041-4AC2-8C29-B50B343B8396}.Debug|Any CPU.ActiveCfg = Debug|Any CPU
		{744F7B92-5041-4AC2-8C29-B50B343B8396}.Debug|Any CPU.Build.0 = Debug|Any CPU
		{744F7B92-5041-4AC2-8C29-B50B343B8396}.Release|Any CPU.ActiveCfg = Release|Any CPU
		{744F7B92-5041-4AC2-8C29-B50B343B8396}.Release|Any CPU.Build.0 = Release|Any CPU
		{8BF97198-6F2F-4C2C-B60C-75943D058251}.Debug|Any CPU.ActiveCfg = Debug|Any CPU
		{8BF97198-6F2F-4C2C-B60C-75943D058251}.Debug|Any CPU.Build.0 = Debug|Any CPU
		{8BF97198-6F2F-4C2C-B60C-75943D058251}.Release|Any CPU.ActiveCfg = Release|Any CPU
		{8BF97198-6F2F-4C2C-B60C-75943D058251}.Release|Any CPU.Build.0 = Release|Any CPU
		{F7319133-2264-4CD1-8FA9-C7697FB39CCE}.Debug|Any CPU.ActiveCfg = Debug|Any CPU
		{F7319133-2264-4CD1-8FA9-C7697FB39CCE}.Debug|Any CPU.Build.0 = Debug|Any CPU
		{F7319133-2264-4CD1-8FA9-C7697FB39CCE}.Release|Any CPU.ActiveCfg = Release|Any CPU
		{F7319133-2264-4CD1-8FA9-C7697FB39CCE}.Release|Any CPU.Build.0 = Release|Any CPU
		{78589891-0D5D-422F-BDC6-93C1711F03E8}.Debug|Any CPU.ActiveCfg = Debug|Any CPU
		{78589891-0D5D-422F-BDC6-93C1711F03E8}.Debug|Any CPU.Build.0 = Debug|Any CPU
		{78589891-0D5D-422F-BDC6-93C1711F03E8}.Release|Any CPU.ActiveCfg = Release|Any CPU
		{78589891-0D5D-422F-BDC6-93C1711F03E8}.Release|Any CPU.Build.0 = Release|Any CPU
		{19DA6BF0-15A7-497A-A7B1-EE7A44710D89}.Debug|Any CPU.ActiveCfg = Debug|Any CPU
		{19DA6BF0-15A7-497A-A7B1-EE7A44710D89}.Debug|Any CPU.Build.0 = Debug|Any CPU
		{19DA6BF0-15A7-497A-A7B1-EE7A44710D89}.Release|Any CPU.ActiveCfg = Release|Any CPU
		{19DA6BF0-15A7-497A-A7B1-EE7A44710D89}.Release|Any CPU.Build.0 = Release|Any CPU
		{BF45F898-7E1C-4B18-A2F3-DCEE4D5735F0}.Debug|Any CPU.ActiveCfg = Debug|Any CPU
		{BF45F898-7E1C-4B18-A2F3-DCEE4D5735F0}.Debug|Any CPU.Build.0 = Debug|Any CPU
		{BF45F898-7E1C-4B18-A2F3-DCEE4D5735F0}.Release|Any CPU.ActiveCfg = Release|Any CPU
		{BF45F898-7E1C-4B18-A2F3-DCEE4D5735F0}.Release|Any CPU.Build.0 = Release|Any CPU
		{70816F56-7527-4E3A-A90C-7DE2550D3FD7}.Debug|Any CPU.ActiveCfg = Debug|Any CPU
		{70816F56-7527-4E3A-A90C-7DE2550D3FD7}.Debug|Any CPU.Build.0 = Debug|Any CPU
		{70816F56-7527-4E3A-A90C-7DE2550D3FD7}.Release|Any CPU.ActiveCfg = Release|Any CPU
		{70816F56-7527-4E3A-A90C-7DE2550D3FD7}.Release|Any CPU.Build.0 = Release|Any CPU
		{472F074E-5AAC-402B-890A-99E57F5EE58D}.Debug|Any CPU.ActiveCfg = Debug|Any CPU
		{472F074E-5AAC-402B-890A-99E57F5EE58D}.Debug|Any CPU.Build.0 = Debug|Any CPU
		{472F074E-5AAC-402B-890A-99E57F5EE58D}.Release|Any CPU.ActiveCfg = Release|Any CPU
		{472F074E-5AAC-402B-890A-99E57F5EE58D}.Release|Any CPU.Build.0 = Release|Any CPU
		{14CACFE8-CD8D-4D2D-8C23-5BE205BC9F34}.Debug|Any CPU.ActiveCfg = Debug|Any CPU
		{14CACFE8-CD8D-4D2D-8C23-5BE205BC9F34}.Debug|Any CPU.Build.0 = Debug|Any CPU
		{14CACFE8-CD8D-4D2D-8C23-5BE205BC9F34}.Release|Any CPU.ActiveCfg = Release|Any CPU
		{14CACFE8-CD8D-4D2D-8C23-5BE205BC9F34}.Release|Any CPU.Build.0 = Release|Any CPU
		{30877322-BE88-4965-8386-2004319EFFAD}.Debug|Any CPU.ActiveCfg = Debug|Any CPU
		{30877322-BE88-4965-8386-2004319EFFAD}.Debug|Any CPU.Build.0 = Debug|Any CPU
		{30877322-BE88-4965-8386-2004319EFFAD}.Release|Any CPU.ActiveCfg = Release|Any CPU
		{30877322-BE88-4965-8386-2004319EFFAD}.Release|Any CPU.Build.0 = Release|Any CPU
		{6429FC79-7586-467E-B76F-39E71F95CE3C}.Debug|Any CPU.ActiveCfg = Debug|Any CPU
		{6429FC79-7586-467E-B76F-39E71F95CE3C}.Debug|Any CPU.Build.0 = Debug|Any CPU
		{6429FC79-7586-467E-B76F-39E71F95CE3C}.Release|Any CPU.ActiveCfg = Release|Any CPU
		{6429FC79-7586-467E-B76F-39E71F95CE3C}.Release|Any CPU.Build.0 = Release|Any CPU
		{F6E3C344-B0FD-4A1B-BE60-30280889B5A5}.Debug|Any CPU.ActiveCfg = Debug|Any CPU
		{F6E3C344-B0FD-4A1B-BE60-30280889B5A5}.Debug|Any CPU.Build.0 = Debug|Any CPU
		{F6E3C344-B0FD-4A1B-BE60-30280889B5A5}.Release|Any CPU.ActiveCfg = Release|Any CPU
		{F6E3C344-B0FD-4A1B-BE60-30280889B5A5}.Release|Any CPU.Build.0 = Release|Any CPU
		{AD885A33-8F3B-42F0-B848-63BD23574D86}.Debug|Any CPU.ActiveCfg = Debug|Any CPU
		{AD885A33-8F3B-42F0-B848-63BD23574D86}.Debug|Any CPU.Build.0 = Debug|Any CPU
		{AD885A33-8F3B-42F0-B848-63BD23574D86}.Release|Any CPU.ActiveCfg = Release|Any CPU
		{AD885A33-8F3B-42F0-B848-63BD23574D86}.Release|Any CPU.Build.0 = Release|Any CPU
		{FC084A75-A543-494A-8CE5-86500DAF9EA5}.Debug|Any CPU.ActiveCfg = Debug|Any CPU
		{FC084A75-A543-494A-8CE5-86500DAF9EA5}.Debug|Any CPU.Build.0 = Debug|Any CPU
		{FC084A75-A543-494A-8CE5-86500DAF9EA5}.Release|Any CPU.ActiveCfg = Release|Any CPU
		{FC084A75-A543-494A-8CE5-86500DAF9EA5}.Release|Any CPU.Build.0 = Release|Any CPU
		{DEA4457E-DB3D-44A2-80F4-EC4E58B7403A}.Debug|Any CPU.ActiveCfg = Debug|Any CPU
		{DEA4457E-DB3D-44A2-80F4-EC4E58B7403A}.Debug|Any CPU.Build.0 = Debug|Any CPU
		{DEA4457E-DB3D-44A2-80F4-EC4E58B7403A}.Release|Any CPU.ActiveCfg = Release|Any CPU
		{DEA4457E-DB3D-44A2-80F4-EC4E58B7403A}.Release|Any CPU.Build.0 = Release|Any CPU
		{2ADD5A2D-0A08-414F-9E2A-A5C8619236FC}.Debug|Any CPU.ActiveCfg = Debug|Any CPU
		{2ADD5A2D-0A08-414F-9E2A-A5C8619236FC}.Debug|Any CPU.Build.0 = Debug|Any CPU
		{2ADD5A2D-0A08-414F-9E2A-A5C8619236FC}.Release|Any CPU.ActiveCfg = Release|Any CPU
		{2ADD5A2D-0A08-414F-9E2A-A5C8619236FC}.Release|Any CPU.Build.0 = Release|Any CPU
		{803BC2F6-0D45-446A-AC8A-2FE821A7412B}.Debug|Any CPU.ActiveCfg = Debug|Any CPU
		{803BC2F6-0D45-446A-AC8A-2FE821A7412B}.Debug|Any CPU.Build.0 = Debug|Any CPU
		{803BC2F6-0D45-446A-AC8A-2FE821A7412B}.Release|Any CPU.ActiveCfg = Release|Any CPU
		{803BC2F6-0D45-446A-AC8A-2FE821A7412B}.Release|Any CPU.Build.0 = Release|Any CPU
		{0D000969-534A-457A-AD0B-730BC88899F8}.Debug|Any CPU.ActiveCfg = Debug|Any CPU
		{0D000969-534A-457A-AD0B-730BC88899F8}.Debug|Any CPU.Build.0 = Debug|Any CPU
		{0D000969-534A-457A-AD0B-730BC88899F8}.Release|Any CPU.ActiveCfg = Release|Any CPU
		{0D000969-534A-457A-AD0B-730BC88899F8}.Release|Any CPU.Build.0 = Release|Any CPU
		{EDBC8EA9-A7C7-408B-8EA0-4DF6132D317C}.Debug|Any CPU.ActiveCfg = Debug|Any CPU
		{EDBC8EA9-A7C7-408B-8EA0-4DF6132D317C}.Debug|Any CPU.Build.0 = Debug|Any CPU
		{EDBC8EA9-A7C7-408B-8EA0-4DF6132D317C}.Release|Any CPU.ActiveCfg = Release|Any CPU
		{EDBC8EA9-A7C7-408B-8EA0-4DF6132D317C}.Release|Any CPU.Build.0 = Release|Any CPU
		{5C9D57F8-5980-4BEF-A88E-FF41798920BD}.Debug|Any CPU.ActiveCfg = Debug|Any CPU
		{5C9D57F8-5980-4BEF-A88E-FF41798920BD}.Debug|Any CPU.Build.0 = Debug|Any CPU
		{5C9D57F8-5980-4BEF-A88E-FF41798920BD}.Release|Any CPU.ActiveCfg = Release|Any CPU
		{5C9D57F8-5980-4BEF-A88E-FF41798920BD}.Release|Any CPU.Build.0 = Release|Any CPU
		{CAAF353A-21C2-4FE1-984B-0FA7DDFF81C0}.Debug|Any CPU.ActiveCfg = Debug|Any CPU
		{CAAF353A-21C2-4FE1-984B-0FA7DDFF81C0}.Debug|Any CPU.Build.0 = Debug|Any CPU
		{CAAF353A-21C2-4FE1-984B-0FA7DDFF81C0}.Release|Any CPU.ActiveCfg = Release|Any CPU
		{CAAF353A-21C2-4FE1-984B-0FA7DDFF81C0}.Release|Any CPU.Build.0 = Release|Any CPU
		{139B9201-A840-4EDF-AF93-72580D475929}.Debug|Any CPU.ActiveCfg = Debug|Any CPU
		{139B9201-A840-4EDF-AF93-72580D475929}.Debug|Any CPU.Build.0 = Debug|Any CPU
		{139B9201-A840-4EDF-AF93-72580D475929}.Release|Any CPU.ActiveCfg = Release|Any CPU
		{139B9201-A840-4EDF-AF93-72580D475929}.Release|Any CPU.Build.0 = Release|Any CPU
		{A2830ED1-5FF6-4879-97CF-DDE60663D540}.Debug|Any CPU.ActiveCfg = Debug|Any CPU
		{A2830ED1-5FF6-4879-97CF-DDE60663D540}.Debug|Any CPU.Build.0 = Debug|Any CPU
		{A2830ED1-5FF6-4879-97CF-DDE60663D540}.Release|Any CPU.ActiveCfg = Release|Any CPU
		{A2830ED1-5FF6-4879-97CF-DDE60663D540}.Release|Any CPU.Build.0 = Release|Any CPU
		{EA177CAA-167F-4422-AC7C-4B3E18DEA3C3}.Debug|Any CPU.ActiveCfg = Debug|Any CPU
		{EA177CAA-167F-4422-AC7C-4B3E18DEA3C3}.Debug|Any CPU.Build.0 = Debug|Any CPU
		{EA177CAA-167F-4422-AC7C-4B3E18DEA3C3}.Release|Any CPU.ActiveCfg = Release|Any CPU
		{EA177CAA-167F-4422-AC7C-4B3E18DEA3C3}.Release|Any CPU.Build.0 = Release|Any CPU
		{33C066B2-0F54-4B73-A379-48685C4B97A6}.Debug|Any CPU.ActiveCfg = Debug|Any CPU
		{33C066B2-0F54-4B73-A379-48685C4B97A6}.Debug|Any CPU.Build.0 = Debug|Any CPU
		{33C066B2-0F54-4B73-A379-48685C4B97A6}.Release|Any CPU.ActiveCfg = Release|Any CPU
		{33C066B2-0F54-4B73-A379-48685C4B97A6}.Release|Any CPU.Build.0 = Release|Any CPU
	EndGlobalSection
	GlobalSection(SolutionProperties) = preSolution
		HideSolutionNode = FALSE
	EndGlobalSection
	GlobalSection(NestedProjects) = preSolution
		{C23FCED9-88B4-419A-8474-44B1F7D38CCA} = {B31A599E-61EE-4854-BD92-F5453D35175B}
		{224D959C-222F-49BD-8593-84F643488B21} = {C23FCED9-88B4-419A-8474-44B1F7D38CCA}
		{CBAF3FA4-6B17-4B26-AF69-7E2B910EB27D} = {C23FCED9-88B4-419A-8474-44B1F7D38CCA}
		{6BD08478-07A5-49E6-B8F7-D75342B1D331} = {C23FCED9-88B4-419A-8474-44B1F7D38CCA}
		{A23B8F2A-617E-47D7-93A2-797EF70D035E} = {C23FCED9-88B4-419A-8474-44B1F7D38CCA}
		{6A3C07DA-E213-4D11-BBD6-2646E80888F8} = {C23FCED9-88B4-419A-8474-44B1F7D38CCA}
		{FCE26A9B-D1F4-41A1-94A3-7660280459BC} = {C23FCED9-88B4-419A-8474-44B1F7D38CCA}
		{744F7B92-5041-4AC2-8C29-B50B343B8396} = {224D959C-222F-49BD-8593-84F643488B21}
		{8BF97198-6F2F-4C2C-B60C-75943D058251} = {224D959C-222F-49BD-8593-84F643488B21}
		{F7319133-2264-4CD1-8FA9-C7697FB39CCE} = {224D959C-222F-49BD-8593-84F643488B21}
		{78589891-0D5D-422F-BDC6-93C1711F03E8} = {224D959C-222F-49BD-8593-84F643488B21}
		{19DA6BF0-15A7-497A-A7B1-EE7A44710D89} = {6BD08478-07A5-49E6-B8F7-D75342B1D331}
		{BF45F898-7E1C-4B18-A2F3-DCEE4D5735F0} = {FCE26A9B-D1F4-41A1-94A3-7660280459BC}
		{70816F56-7527-4E3A-A90C-7DE2550D3FD7} = {FCE26A9B-D1F4-41A1-94A3-7660280459BC}
		{472F074E-5AAC-402B-890A-99E57F5EE58D} = {FCE26A9B-D1F4-41A1-94A3-7660280459BC}
		{14CACFE8-CD8D-4D2D-8C23-5BE205BC9F34} = {FCE26A9B-D1F4-41A1-94A3-7660280459BC}
		{30877322-BE88-4965-8386-2004319EFFAD} = {FCE26A9B-D1F4-41A1-94A3-7660280459BC}
		{6429FC79-7586-467E-B76F-39E71F95CE3C} = {A23B8F2A-617E-47D7-93A2-797EF70D035E}
		{F6E3C344-B0FD-4A1B-BE60-30280889B5A5} = {A23B8F2A-617E-47D7-93A2-797EF70D035E}
		{AD885A33-8F3B-42F0-B848-63BD23574D86} = {A23B8F2A-617E-47D7-93A2-797EF70D035E}
		{FC084A75-A543-494A-8CE5-86500DAF9EA5} = {A23B8F2A-617E-47D7-93A2-797EF70D035E}
		{DEA4457E-DB3D-44A2-80F4-EC4E58B7403A} = {A23B8F2A-617E-47D7-93A2-797EF70D035E}
		{2ADD5A2D-0A08-414F-9E2A-A5C8619236FC} = {CBAF3FA4-6B17-4B26-AF69-7E2B910EB27D}
		{803BC2F6-0D45-446A-AC8A-2FE821A7412B} = {CBAF3FA4-6B17-4B26-AF69-7E2B910EB27D}
		{0D000969-534A-457A-AD0B-730BC88899F8} = {CBAF3FA4-6B17-4B26-AF69-7E2B910EB27D}
		{EDBC8EA9-A7C7-408B-8EA0-4DF6132D317C} = {CBAF3FA4-6B17-4B26-AF69-7E2B910EB27D}
		{5C9D57F8-5980-4BEF-A88E-FF41798920BD} = {CBAF3FA4-6B17-4B26-AF69-7E2B910EB27D}
		{CAAF353A-21C2-4FE1-984B-0FA7DDFF81C0} = {6A3C07DA-E213-4D11-BBD6-2646E80888F8}
		{139B9201-A840-4EDF-AF93-72580D475929} = {6A3C07DA-E213-4D11-BBD6-2646E80888F8}
		{A2830ED1-5FF6-4879-97CF-DDE60663D540} = {6A3C07DA-E213-4D11-BBD6-2646E80888F8}
		{EA177CAA-167F-4422-AC7C-4B3E18DEA3C3} = {6A3C07DA-E213-4D11-BBD6-2646E80888F8}
		{33C066B2-0F54-4B73-A379-48685C4B97A6} = {6A3C07DA-E213-4D11-BBD6-2646E80888F8}
	EndGlobalSection
	GlobalSection(ExtensibilityGlobals) = postSolution
		SolutionGuid = {BB086771-F66B-4FCC-ABBD-CE9FEA99091A}
	EndGlobalSection
EndGlobal
